
Microsoft Visual Studio Solution File, Format Version 12.00
# Visual Studio 14
VisualStudioVersion = 14.0.25420.1
MinimumVisualStudioVersion = 10.0.40219.1
Project("{2150E333-8FDC-42A3-9474-1A3956D46DE8}") = "Data", "Data", "{B422BB74-3994-4174-8D07-D7C988BF47A6}"
EndProject
Project("{FAE04EC0-301F-11D3-BF4B-00C04F79EFBC}") = "FastFramework.DataLib", "Data\FastFramework.DataLib\FastFramework.DataLib.csproj", "{3F22BD35-867B-44A4-B346-F30EF88E6381}"
EndProject
Project("{FAE04EC0-301F-11D3-BF4B-00C04F79EFBC}") = "FastFramework.DataLib.Models", "Data\FastFramework.DataLib.Models\FastFramework.DataLib.Models.csproj", "{6C63B935-D75C-4362-9AA2-F731C6D05F93}"
EndProject
Project("{2150E333-8FDC-42A3-9474-1A3956D46DE8}") = "Repositorys", "Repositorys", "{32AE25C1-5625-4AEE-B34A-24CCF6F667E9}"
EndProject
Project("{FAE04EC0-301F-11D3-BF4B-00C04F79EFBC}") = "FastFramework.Repositorys.Core", "Repositorys\FastFramework.Repositorys.Core\FastFramework.Repositorys.Core.csproj", "{73A90B87-244E-45F0-8D64-4C753516A281}"
EndProject
Project("{2150E333-8FDC-42A3-9474-1A3956D46DE8}") = "Services", "Services", "{B6247483-C2B2-4A5E-A285-C2BF8B12F4F5}"
EndProject
Project("{FAE04EC0-301F-11D3-BF4B-00C04F79EFBC}") = "FastFramework.Services.Mains", "Services\FastFramework.Services.Mains\FastFramework.Services.Mains.csproj", "{CDE83447-1BF1-46C0-A465-D74F1E15B76F}"
EndProject
Project("{FAE04EC0-301F-11D3-BF4B-00C04F79EFBC}") = "FastFramework.Repositorys.Core.Contracts", "Repositorys\FastFramework.Repositorys.Core.Contracts\FastFramework.Repositorys.Core.Contracts.csproj", "{ED96C8C1-3363-488C-BB7D-4861FB335F22}"
EndProject
Project("{FAE04EC0-301F-11D3-BF4B-00C04F79EFBC}") = "FastFramework.Repositorys.Main", "Repositorys\FastFramework.Repositorys.Main\FastFramework.Repositorys.Main.csproj", "{0B5C3052-2D78-4EC5-95F9-884072EC532F}"
EndProject
Project("{FAE04EC0-301F-11D3-BF4B-00C04F79EFBC}") = "FastFramework.Repositorys.Main.Contracts", "Repositorys\FastFramework.Repositorys.Main.Contracts\FastFramework.Repositorys.Main.Contracts.csproj", "{359BF641-C073-4453-96D4-95BE54B3A0FF}"
EndProject
Project("{FAE04EC0-301F-11D3-BF4B-00C04F79EFBC}") = "FastFramework.Services.Mains.Contracts", "Services\FastFramework.Services.Mains.Contracts\FastFramework.Services.Mains.Contracts.csproj", "{35C36087-DC8B-4A60-92CB-AAAAFDDC1468}"
EndProject
Project("{2150E333-8FDC-42A3-9474-1A3956D46DE8}") = "Core", "Core", "{FE565DEE-6FEA-473D-85E1-A573AEF9679C}"
EndProject
Project("{2150E333-8FDC-42A3-9474-1A3956D46DE8}") = "Application", "Application", "{111D0988-723E-4845-ACE3-8EF2EAD4FC7A}"
EndProject
Project("{FAE04EC0-301F-11D3-BF4B-00C04F79EFBC}") = "TestConsole", "FastFramework\TestConsole\TestConsole.csproj", "{5347A29B-88BB-4DEC-B6EC-4BAF6A0BADA3}"
EndProject
Project("{FAE04EC0-301F-11D3-BF4B-00C04F79EFBC}") = "FastFrameword.AutofacConfig", "FastFramework\FastFrameword.AutofacConfig\FastFrameword.AutofacConfig.csproj", "{D240FB99-C1D0-4E7D-AEE6-5E63FC483ECC}"
EndProject
Project("{FAE04EC0-301F-11D3-BF4B-00C04F79EFBC}") = "FastFramework.Core", "Core\FastFramework.Core\FastFramework.Core.csproj", "{4176C982-06A8-4953-AE99-3757A0F9F46B}"
EndProject
Project("{FAE04EC0-301F-11D3-BF4B-00C04F79EFBC}") = "FastFramework.Core.UnityContainers", "Core\FastFramework.Core.UnityContainers\FastFramework.Core.UnityContainers.csproj", "{553EDF96-26B0-49F2-9D97-8858687E12EE}"
EndProject
Project("{FAE04EC0-301F-11D3-BF4B-00C04F79EFBC}") = "FastFramework.Core.AutofacContainers", "Core\FastFramework.Core.AutofacContainers\FastFramework.Core.AutofacContainers.csproj", "{0C311812-A185-4F42-8642-6D1BCA7AF19B}"
EndProject
Project("{FAE04EC0-301F-11D3-BF4B-00C04F79EFBC}") = "FastFramework.Core.AutoMapperProviders", "Core\FastFramework.Core.AutoMapperProviders\FastFramework.Core.AutoMapperProviders.csproj", "{8FD49B33-9483-40B8-B25E-D4608C0365B7}"
EndProject
Project("{2150E333-8FDC-42A3-9474-1A3956D46DE8}") = "Ioc", "Ioc", "{48AAB2AE-B1E9-42C8-B634-64068339B0A3}"
EndProject
Project("{2150E333-8FDC-42A3-9474-1A3956D46DE8}") = "Mapper", "Mapper", "{78E01A73-6D97-48EF-AB6E-F88794C7D7EC}"
EndProject
Project("{2150E333-8FDC-42A3-9474-1A3956D46DE8}") = "Tool", "Tool", "{D6183C9C-BAE3-4F81-BB49-13BB35D24B82}"
EndProject
Project("{FAE04EC0-301F-11D3-BF4B-00C04F79EFBC}") = "FastFramework.Tool", "Tool\FastFramework.Tool\FastFramework.Tool.csproj", "{410F02F7-AD88-4A80-9617-6E792C14ACF1}"
EndProject
Project("{2150E333-8FDC-42A3-9474-1A3956D46DE8}") = "Json", "Json", "{7149C424-5304-40B9-9A71-A420F9870C9D}"
EndProject
Project("{FAE04EC0-301F-11D3-BF4B-00C04F79EFBC}") = "FastFramework.Core.JsonProvders", "Core\FastFramework.Core.JsonProvders\FastFramework.Core.JsonProvders.csproj", "{DB876CCC-BE31-483C-886E-7D68B91825B7}"
EndProject
Project("{2150E333-8FDC-42A3-9474-1A3956D46DE8}") = "Log", "Log", "{B8DA6586-5043-4466-B22A-7F02F6A2625E}"
EndProject
Project("{FAE04EC0-301F-11D3-BF4B-00C04F79EFBC}") = "FastFramework.Core.LogNetProvider", "Core\FastFramework.Core.LogNetProvider\FastFramework.Core.LogNetProvider.csproj", "{FC7D819D-9CD0-433F-8B40-A219851093C3}"
EndProject
Project("{2150E333-8FDC-42A3-9474-1A3956D46DE8}") = "Cache", "Cache", "{4D87DD9A-1BAC-4D42-8E37-0B81C63325F5}"
EndProject
Project("{FAE04EC0-301F-11D3-BF4B-00C04F79EFBC}") = "FastFramework.Core.CacheProviders", "Core\FastFramework.Core.CacheProviders\FastFramework.Core.CacheProviders.csproj", "{E2C8F117-9B17-4685-A6D6-7F861E9F5DA4}"
EndProject
Project("{FAE04EC0-301F-11D3-BF4B-00C04F79EFBC}") = "FastFramework.Web", "FastFramework\FastFramework.Web\FastFramework.Web.csproj", "{D50514F9-2032-4DAC-8F33-CC2F907F46C5}"
EndProject
Project("{FAE04EC0-301F-11D3-BF4B-00C04F79EFBC}") = "FastFramework.Application.Core", "FastFramework\FastFramework.Application.Core\FastFramework.Application.Core.csproj", "{197A745D-581F-4353-B222-D51F4C5F1798}"
EndProject
Project("{FAE04EC0-301F-11D3-BF4B-00C04F79EFBC}") = "FastFrameword.Core.NLogProviders", "Core\FastFrameword.Core.NLogProviders\FastFrameword.Core.NLogProviders.csproj", "{DEAA7E7C-695B-409D-A053-CB854EA48D8E}"
EndProject
Global
	GlobalSection(SolutionConfigurationPlatforms) = preSolution
		Debug|Any CPU = Debug|Any CPU
		Release|Any CPU = Release|Any CPU
	EndGlobalSection
	GlobalSection(ProjectConfigurationPlatforms) = postSolution
		{3F22BD35-867B-44A4-B346-F30EF88E6381}.Debug|Any CPU.ActiveCfg = Debug|Any CPU
		{3F22BD35-867B-44A4-B346-F30EF88E6381}.Debug|Any CPU.Build.0 = Debug|Any CPU
		{3F22BD35-867B-44A4-B346-F30EF88E6381}.Release|Any CPU.ActiveCfg = Release|Any CPU
		{3F22BD35-867B-44A4-B346-F30EF88E6381}.Release|Any CPU.Build.0 = Release|Any CPU
		{6C63B935-D75C-4362-9AA2-F731C6D05F93}.Debug|Any CPU.ActiveCfg = Debug|Any CPU
		{6C63B935-D75C-4362-9AA2-F731C6D05F93}.Debug|Any CPU.Build.0 = Debug|Any CPU
		{6C63B935-D75C-4362-9AA2-F731C6D05F93}.Release|Any CPU.ActiveCfg = Release|Any CPU
		{6C63B935-D75C-4362-9AA2-F731C6D05F93}.Release|Any CPU.Build.0 = Release|Any CPU
		{73A90B87-244E-45F0-8D64-4C753516A281}.Debug|Any CPU.ActiveCfg = Debug|Any CPU
		{73A90B87-244E-45F0-8D64-4C753516A281}.Debug|Any CPU.Build.0 = Debug|Any CPU
		{73A90B87-244E-45F0-8D64-4C753516A281}.Release|Any CPU.ActiveCfg = Release|Any CPU
		{73A90B87-244E-45F0-8D64-4C753516A281}.Release|Any CPU.Build.0 = Release|Any CPU
		{CDE83447-1BF1-46C0-A465-D74F1E15B76F}.Debug|Any CPU.ActiveCfg = Debug|Any CPU
		{CDE83447-1BF1-46C0-A465-D74F1E15B76F}.Debug|Any CPU.Build.0 = Debug|Any CPU
		{CDE83447-1BF1-46C0-A465-D74F1E15B76F}.Release|Any CPU.ActiveCfg = Release|Any CPU
		{CDE83447-1BF1-46C0-A465-D74F1E15B76F}.Release|Any CPU.Build.0 = Release|Any CPU
		{ED96C8C1-3363-488C-BB7D-4861FB335F22}.Debug|Any CPU.ActiveCfg = Debug|Any CPU
		{ED96C8C1-3363-488C-BB7D-4861FB335F22}.Debug|Any CPU.Build.0 = Debug|Any CPU
		{ED96C8C1-3363-488C-BB7D-4861FB335F22}.Release|Any CPU.ActiveCfg = Release|Any CPU
		{ED96C8C1-3363-488C-BB7D-4861FB335F22}.Release|Any CPU.Build.0 = Release|Any CPU
		{0B5C3052-2D78-4EC5-95F9-884072EC532F}.Debug|Any CPU.ActiveCfg = Debug|Any CPU
		{0B5C3052-2D78-4EC5-95F9-884072EC532F}.Debug|Any CPU.Build.0 = Debug|Any CPU
		{0B5C3052-2D78-4EC5-95F9-884072EC532F}.Release|Any CPU.ActiveCfg = Release|Any CPU
		{0B5C3052-2D78-4EC5-95F9-884072EC532F}.Release|Any CPU.Build.0 = Release|Any CPU
		{359BF641-C073-4453-96D4-95BE54B3A0FF}.Debug|Any CPU.ActiveCfg = Debug|Any CPU
		{359BF641-C073-4453-96D4-95BE54B3A0FF}.Debug|Any CPU.Build.0 = Debug|Any CPU
		{359BF641-C073-4453-96D4-95BE54B3A0FF}.Release|Any CPU.ActiveCfg = Release|Any CPU
		{359BF641-C073-4453-96D4-95BE54B3A0FF}.Release|Any CPU.Build.0 = Release|Any CPU
		{35C36087-DC8B-4A60-92CB-AAAAFDDC1468}.Debug|Any CPU.ActiveCfg = Debug|Any CPU
		{35C36087-DC8B-4A60-92CB-AAAAFDDC1468}.Debug|Any CPU.Build.0 = Debug|Any CPU
		{35C36087-DC8B-4A60-92CB-AAAAFDDC1468}.Release|Any CPU.ActiveCfg = Release|Any CPU
		{35C36087-DC8B-4A60-92CB-AAAAFDDC1468}.Release|Any CPU.Build.0 = Release|Any CPU
		{5347A29B-88BB-4DEC-B6EC-4BAF6A0BADA3}.Debug|Any CPU.ActiveCfg = Debug|Any CPU
		{5347A29B-88BB-4DEC-B6EC-4BAF6A0BADA3}.Debug|Any CPU.Build.0 = Debug|Any CPU
		{5347A29B-88BB-4DEC-B6EC-4BAF6A0BADA3}.Release|Any CPU.ActiveCfg = Release|Any CPU
		{5347A29B-88BB-4DEC-B6EC-4BAF6A0BADA3}.Release|Any CPU.Build.0 = Release|Any CPU
		{D240FB99-C1D0-4E7D-AEE6-5E63FC483ECC}.Debug|Any CPU.ActiveCfg = Debug|Any CPU
		{D240FB99-C1D0-4E7D-AEE6-5E63FC483ECC}.Debug|Any CPU.Build.0 = Debug|Any CPU
		{D240FB99-C1D0-4E7D-AEE6-5E63FC483ECC}.Release|Any CPU.ActiveCfg = Release|Any CPU
		{D240FB99-C1D0-4E7D-AEE6-5E63FC483ECC}.Release|Any CPU.Build.0 = Release|Any CPU
		{4176C982-06A8-4953-AE99-3757A0F9F46B}.Debug|Any CPU.ActiveCfg = Debug|Any CPU
		{4176C982-06A8-4953-AE99-3757A0F9F46B}.Debug|Any CPU.Build.0 = Debug|Any CPU
		{4176C982-06A8-4953-AE99-3757A0F9F46B}.Release|Any CPU.ActiveCfg = Release|Any CPU
		{4176C982-06A8-4953-AE99-3757A0F9F46B}.Release|Any CPU.Build.0 = Release|Any CPU
		{553EDF96-26B0-49F2-9D97-8858687E12EE}.Debug|Any CPU.ActiveCfg = Debug|Any CPU
		{553EDF96-26B0-49F2-9D97-8858687E12EE}.Debug|Any CPU.Build.0 = Debug|Any CPU
		{553EDF96-26B0-49F2-9D97-8858687E12EE}.Release|Any CPU.ActiveCfg = Release|Any CPU
		{553EDF96-26B0-49F2-9D97-8858687E12EE}.Release|Any CPU.Build.0 = Release|Any CPU
		{0C311812-A185-4F42-8642-6D1BCA7AF19B}.Debug|Any CPU.ActiveCfg = Debug|Any CPU
		{0C311812-A185-4F42-8642-6D1BCA7AF19B}.Debug|Any CPU.Build.0 = Debug|Any CPU
		{0C311812-A185-4F42-8642-6D1BCA7AF19B}.Release|Any CPU.ActiveCfg = Release|Any CPU
		{0C311812-A185-4F42-8642-6D1BCA7AF19B}.Release|Any CPU.Build.0 = Release|Any CPU
		{8FD49B33-9483-40B8-B25E-D4608C0365B7}.Debug|Any CPU.ActiveCfg = Debug|Any CPU
		{8FD49B33-9483-40B8-B25E-D4608C0365B7}.Debug|Any CPU.Build.0 = Debug|Any CPU
		{8FD49B33-9483-40B8-B25E-D4608C0365B7}.Release|Any CPU.ActiveCfg = Release|Any CPU
		{8FD49B33-9483-40B8-B25E-D4608C0365B7}.Release|Any CPU.Build.0 = Release|Any CPU
		{410F02F7-AD88-4A80-9617-6E792C14ACF1}.Debug|Any CPU.ActiveCfg = Debug|Any CPU
		{410F02F7-AD88-4A80-9617-6E792C14ACF1}.Debug|Any CPU.Build.0 = Debug|Any CPU
		{410F02F7-AD88-4A80-9617-6E792C14ACF1}.Release|Any CPU.ActiveCfg = Release|Any CPU
		{410F02F7-AD88-4A80-9617-6E792C14ACF1}.Release|Any CPU.Build.0 = Release|Any CPU
		{DB876CCC-BE31-483C-886E-7D68B91825B7}.Debug|Any CPU.ActiveCfg = Debug|Any CPU
		{DB876CCC-BE31-483C-886E-7D68B91825B7}.Debug|Any CPU.Build.0 = Debug|Any CPU
		{DB876CCC-BE31-483C-886E-7D68B91825B7}.Release|Any CPU.ActiveCfg = Release|Any CPU
		{DB876CCC-BE31-483C-886E-7D68B91825B7}.Release|Any CPU.Build.0 = Release|Any CPU
		{FC7D819D-9CD0-433F-8B40-A219851093C3}.Debug|Any CPU.ActiveCfg = Debug|Any CPU
		{FC7D819D-9CD0-433F-8B40-A219851093C3}.Debug|Any CPU.Build.0 = Debug|Any CPU
		{FC7D819D-9CD0-433F-8B40-A219851093C3}.Release|Any CPU.ActiveCfg = Release|Any CPU
		{FC7D819D-9CD0-433F-8B40-A219851093C3}.Release|Any CPU.Build.0 = Release|Any CPU
		{E2C8F117-9B17-4685-A6D6-7F861E9F5DA4}.Debug|Any CPU.ActiveCfg = Debug|Any CPU
		{E2C8F117-9B17-4685-A6D6-7F861E9F5DA4}.Debug|Any CPU.Build.0 = Debug|Any CPU
		{E2C8F117-9B17-4685-A6D6-7F861E9F5DA4}.Release|Any CPU.ActiveCfg = Release|Any CPU
		{E2C8F117-9B17-4685-A6D6-7F861E9F5DA4}.Release|Any CPU.Build.0 = Release|Any CPU
		{D50514F9-2032-4DAC-8F33-CC2F907F46C5}.Debug|Any CPU.ActiveCfg = Debug|Any CPU
		{D50514F9-2032-4DAC-8F33-CC2F907F46C5}.Debug|Any CPU.Build.0 = Debug|Any CPU
		{D50514F9-2032-4DAC-8F33-CC2F907F46C5}.Release|Any CPU.ActiveCfg = Release|Any CPU
		{D50514F9-2032-4DAC-8F33-CC2F907F46C5}.Release|Any CPU.Build.0 = Release|Any CPU
		{197A745D-581F-4353-B222-D51F4C5F1798}.Debug|Any CPU.ActiveCfg = Debug|Any CPU
		{197A745D-581F-4353-B222-D51F4C5F1798}.Debug|Any CPU.Build.0 = Debug|Any CPU
		{197A745D-581F-4353-B222-D51F4C5F1798}.Release|Any CPU.ActiveCfg = Release|Any CPU
		{197A745D-581F-4353-B222-D51F4C5F1798}.Release|Any CPU.Build.0 = Release|Any CPU
		{DEAA7E7C-695B-409D-A053-CB854EA48D8E}.Debug|Any CPU.ActiveCfg = Debug|Any CPU
		{DEAA7E7C-695B-409D-A053-CB854EA48D8E}.Debug|Any CPU.Build.0 = Debug|Any CPU
		{DEAA7E7C-695B-409D-A053-CB854EA48D8E}.Release|Any CPU.ActiveCfg = Release|Any CPU
		{DEAA7E7C-695B-409D-A053-CB854EA48D8E}.Release|Any CPU.Build.0 = Release|Any CPU
	EndGlobalSection
	GlobalSection(SolutionProperties) = preSolution
		HideSolutionNode = FALSE
	EndGlobalSection
	GlobalSection(NestedProjects) = preSolution
		{3F22BD35-867B-44A4-B346-F30EF88E6381} = {B422BB74-3994-4174-8D07-D7C988BF47A6}
		{6C63B935-D75C-4362-9AA2-F731C6D05F93} = {B422BB74-3994-4174-8D07-D7C988BF47A6}
		{73A90B87-244E-45F0-8D64-4C753516A281} = {32AE25C1-5625-4AEE-B34A-24CCF6F667E9}
		{CDE83447-1BF1-46C0-A465-D74F1E15B76F} = {B6247483-C2B2-4A5E-A285-C2BF8B12F4F5}
		{ED96C8C1-3363-488C-BB7D-4861FB335F22} = {32AE25C1-5625-4AEE-B34A-24CCF6F667E9}
		{0B5C3052-2D78-4EC5-95F9-884072EC532F} = {32AE25C1-5625-4AEE-B34A-24CCF6F667E9}
		{359BF641-C073-4453-96D4-95BE54B3A0FF} = {32AE25C1-5625-4AEE-B34A-24CCF6F667E9}
		{35C36087-DC8B-4A60-92CB-AAAAFDDC1468} = {B6247483-C2B2-4A5E-A285-C2BF8B12F4F5}
		{5347A29B-88BB-4DEC-B6EC-4BAF6A0BADA3} = {111D0988-723E-4845-ACE3-8EF2EAD4FC7A}
		{4176C982-06A8-4953-AE99-3757A0F9F46B} = {FE565DEE-6FEA-473D-85E1-A573AEF9679C}
		{553EDF96-26B0-49F2-9D97-8858687E12EE} = {48AAB2AE-B1E9-42C8-B634-64068339B0A3}
		{0C311812-A185-4F42-8642-6D1BCA7AF19B} = {48AAB2AE-B1E9-42C8-B634-64068339B0A3}
		{8FD49B33-9483-40B8-B25E-D4608C0365B7} = {78E01A73-6D97-48EF-AB6E-F88794C7D7EC}
		{48AAB2AE-B1E9-42C8-B634-64068339B0A3} = {FE565DEE-6FEA-473D-85E1-A573AEF9679C}
		{78E01A73-6D97-48EF-AB6E-F88794C7D7EC} = {FE565DEE-6FEA-473D-85E1-A573AEF9679C}
		{410F02F7-AD88-4A80-9617-6E792C14ACF1} = {D6183C9C-BAE3-4F81-BB49-13BB35D24B82}
		{7149C424-5304-40B9-9A71-A420F9870C9D} = {FE565DEE-6FEA-473D-85E1-A573AEF9679C}
		{DB876CCC-BE31-483C-886E-7D68B91825B7} = {7149C424-5304-40B9-9A71-A420F9870C9D}
		{B8DA6586-5043-4466-B22A-7F02F6A2625E} = {FE565DEE-6FEA-473D-85E1-A573AEF9679C}
		{FC7D819D-9CD0-433F-8B40-A219851093C3} = {B8DA6586-5043-4466-B22A-7F02F6A2625E}
		{4D87DD9A-1BAC-4D42-8E37-0B81C63325F5} = {FE565DEE-6FEA-473D-85E1-A573AEF9679C}
		{E2C8F117-9B17-4685-A6D6-7F861E9F5DA4} = {4D87DD9A-1BAC-4D42-8E37-0B81C63325F5}
		{D50514F9-2032-4DAC-8F33-CC2F907F46C5} = {111D0988-723E-4845-ACE3-8EF2EAD4FC7A}
		{197A745D-581F-4353-B222-D51F4C5F1798} = {111D0988-723E-4845-ACE3-8EF2EAD4FC7A}
		{DEAA7E7C-695B-409D-A053-CB854EA48D8E} = {B8DA6586-5043-4466-B22A-7F02F6A2625E}
	EndGlobalSection
	GlobalSection(ExtensibilityGlobals) = postSolution
		EnterpriseLibraryConfigurationToolBinariesPath = packages\Unity.2.1.505.2\lib\NET35;packages\Unity.2.1.505.0\lib\NET35;packages\Unity.Interception.2.1.505.0\lib\NET35;packages\EnterpriseLibrary.Common.5.0.505.0\lib\NET35;packages\EnterpriseLibrary.Caching.5.0.505.0\lib\NET35;packages\Unity.Interception.2.1.505.2\lib\NET35
	EndGlobalSection
EndGlobal
