
Microsoft Visual Studio Solution File, Format Version 12.00
# Visual Studio 2012
Project("{2150E333-8FDC-42A3-9474-1A3956D46DE8}") = "Data", "Data", "{B422BB74-3994-4174-8D07-D7C988BF47A6}"
EndProject
Project("{FAE04EC0-301F-11D3-BF4B-00C04F79EFBC}") = "FastFramework.DataLib", "Data\FastFramework.DataLib\FastFramework.DataLib.csproj", "{3F22BD35-867B-44A4-B346-F30EF88E6381}"
EndProject
Project("{FAE04EC0-301F-11D3-BF4B-00C04F79EFBC}") = "FastFramework.DataLib.Models", "Data\FastFramework.DataLib.Models\FastFramework.DataLib.Models.csproj", "{6C63B935-D75C-4362-9AA2-F731C6D05F93}"
EndProject
Project("{2150E333-8FDC-42A3-9474-1A3956D46DE8}") = "Repositorys", "Repositorys", "{32AE25C1-5625-4AEE-B34A-24CCF6F667E9}"
EndProject
Project("{FAE04EC0-301F-11D3-BF4B-00C04F79EFBC}") = "FastFramework.Repositorys.Core", "Repositorys\FastFramework.Repositorys.Core\FastFramework.Repositorys.Core.csproj", "{73A90B87-244E-45F0-8D64-4C753516A281}"
EndProject
Project("{2150E333-8FDC-42A3-9474-1A3956D46DE8}") = "Services", "Services", "{B6247483-C2B2-4A5E-A285-C2BF8B12F4F5}"
EndProject
Project("{FAE04EC0-301F-11D3-BF4B-00C04F79EFBC}") = "FastFramework.Services.Mains", "Services\FastFramework.Services.Mains\FastFramework.Services.Mains.csproj", "{CDE83447-1BF1-46C0-A465-D74F1E15B76F}"
EndProject
Project("{FAE04EC0-301F-11D3-BF4B-00C04F79EFBC}") = "FastFramework.Repositorys.Core.Contracts", "Repositorys\FastFramework.Repositorys.Core.Contracts\FastFramework.Repositorys.Core.Contracts.csproj", "{ED96C8C1-3363-488C-BB7D-4861FB335F22}"
EndProject
Project("{FAE04EC0-301F-11D3-BF4B-00C04F79EFBC}") = "FastFramework.Repositorys.Main", "Repositorys\FastFramework.Repositorys.Main\FastFramework.Repositorys.Main.csproj", "{0B5C3052-2D78-4EC5-95F9-884072EC532F}"
EndProject
Project("{FAE04EC0-301F-11D3-BF4B-00C04F79EFBC}") = "FastFramework.Repositorys.Main.Contracts", "Repositorys\FastFramework.Repositorys.Main.Contracts\FastFramework.Repositorys.Main.Contracts.csproj", "{359BF641-C073-4453-96D4-95BE54B3A0FF}"
EndProject
Project("{FAE04EC0-301F-11D3-BF4B-00C04F79EFBC}") = "FastFramework.Services.Mains.Contracts", "Services\FastFramework.Services.Mains.Contracts\FastFramework.Services.Mains.Contracts.csproj", "{35C36087-DC8B-4A60-92CB-AAAAFDDC1468}"
EndProject
Project("{2150E333-8FDC-42A3-9474-1A3956D46DE8}") = "Core", "Core", "{FE565DEE-6FEA-473D-85E1-A573AEF9679C}"
EndProject
Project("{2150E333-8FDC-42A3-9474-1A3956D46DE8}") = "Application", "Application", "{111D0988-723E-4845-ACE3-8EF2EAD4FC7A}"
EndProject
Project("{FAE04EC0-301F-11D3-BF4B-00C04F79EFBC}") = "TestConsole", "FastFramework\TestConsole\TestConsole.csproj", "{5347A29B-88BB-4DEC-B6EC-4BAF6A0BADA3}"
EndProject
Project("{FAE04EC0-301F-11D3-BF4B-00C04F79EFBC}") = "FastFrameword.AutofacConfig", "FastFramework\FastFrameword.AutofacConfig\FastFrameword.AutofacConfig.csproj", "{D240FB99-C1D0-4E7D-AEE6-5E63FC483ECC}"
EndProject
Project("{FAE04EC0-301F-11D3-BF4B-00C04F79EFBC}") = "FastFramework.Core", "Core\FastFramework.Core\FastFramework.Core.csproj", "{4176C982-06A8-4953-AE99-3757A0F9F46B}"
EndProject
Project("{FAE04EC0-301F-11D3-BF4B-00C04F79EFBC}") = "FastFramework.Core.UnityContainers", "Core\FastFramework.Core.UnityContainers\FastFramework.Core.UnityContainers.csproj", "{553EDF96-26B0-49F2-9D97-8858687E12EE}"
EndProject
Project("{FAE04EC0-301F-11D3-BF4B-00C04F79EFBC}") = "FastFramework.Core.AutofacContainers", "Core\FastFramework.Core.AutofacContainers\FastFramework.Core.AutofacContainers.csproj", "{0C311812-A185-4F42-8642-6D1BCA7AF19B}"
EndProject
Project("{FAE04EC0-301F-11D3-BF4B-00C04F79EFBC}") = "FastFramework.Core.AutoMapperProviders", "Core\FastFramework.Core.AutoMapperProviders\FastFramework.Core.AutoMapperProviders.csproj", "{8FD49B33-9483-40B8-B25E-D4608C0365B7}"
EndProject
Global
	GlobalSection(SolutionConfigurationPlatforms) = preSolution
		Debug|Any CPU = Debug|Any CPU
		Release|Any CPU = Release|Any CPU
	EndGlobalSection
	GlobalSection(ProjectConfigurationPlatforms) = postSolution
		{3F22BD35-867B-44A4-B346-F30EF88E6381}.Debug|Any CPU.ActiveCfg = Debug|Any CPU
		{3F22BD35-867B-44A4-B346-F30EF88E6381}.Debug|Any CPU.Build.0 = Debug|Any CPU
		{3F22BD35-867B-44A4-B346-F30EF88E6381}.Release|Any CPU.ActiveCfg = Release|Any CPU
		{3F22BD35-867B-44A4-B346-F30EF88E6381}.Release|Any CPU.Build.0 = Release|Any CPU
		{6C63B935-D75C-4362-9AA2-F731C6D05F93}.Debug|Any CPU.ActiveCfg = Debug|Any CPU
		{6C63B935-D75C-4362-9AA2-F731C6D05F93}.Debug|Any CPU.Build.0 = Debug|Any CPU
		{6C63B935-D75C-4362-9AA2-F731C6D05F93}.Release|Any CPU.ActiveCfg = Release|Any CPU
		{6C63B935-D75C-4362-9AA2-F731C6D05F93}.Release|Any CPU.Build.0 = Release|Any CPU
		{73A90B87-244E-45F0-8D64-4C753516A281}.Debug|Any CPU.ActiveCfg = Debug|Any CPU
		{73A90B87-244E-45F0-8D64-4C753516A281}.Debug|Any CPU.Build.0 = Debug|Any CPU
		{73A90B87-244E-45F0-8D64-4C753516A281}.Release|Any CPU.ActiveCfg = Release|Any CPU
		{73A90B87-244E-45F0-8D64-4C753516A281}.Release|Any CPU.Build.0 = Release|Any CPU
		{CDE83447-1BF1-46C0-A465-D74F1E15B76F}.Debug|Any CPU.ActiveCfg = Debug|Any CPU
		{CDE83447-1BF1-46C0-A465-D74F1E15B76F}.Debug|Any CPU.Build.0 = Debug|Any CPU
		{CDE83447-1BF1-46C0-A465-D74F1E15B76F}.Release|Any CPU.ActiveCfg = Release|Any CPU
		{CDE83447-1BF1-46C0-A465-D74F1E15B76F}.Release|Any CPU.Build.0 = Release|Any CPU
		{ED96C8C1-3363-488C-BB7D-4861FB335F22}.Debug|Any CPU.ActiveCfg = Debug|Any CPU
		{ED96C8C1-3363-488C-BB7D-4861FB335F22}.Debug|Any CPU.Build.0 = Debug|Any CPU
		{ED96C8C1-3363-488C-BB7D-4861FB335F22}.Release|Any CPU.ActiveCfg = Release|Any CPU
		{ED96C8C1-3363-488C-BB7D-4861FB335F22}.Release|Any CPU.Build.0 = Release|Any CPU
		{0B5C3052-2D78-4EC5-95F9-884072EC532F}.Debug|Any CPU.ActiveCfg = Debug|Any CPU
		{0B5C3052-2D78-4EC5-95F9-884072EC532F}.Debug|Any CPU.Build.0 = Debug|Any CPU
		{0B5C3052-2D78-4EC5-95F9-884072EC532F}.Release|Any CPU.ActiveCfg = Release|Any CPU
		{0B5C3052-2D78-4EC5-95F9-884072EC532F}.Release|Any CPU.Build.0 = Release|Any CPU
		{359BF641-C073-4453-96D4-95BE54B3A0FF}.Debug|Any CPU.ActiveCfg = Debug|Any CPU
		{359BF641-C073-4453-96D4-95BE54B3A0FF}.Debug|Any CPU.Build.0 = Debug|Any CPU
		{359BF641-C073-4453-96D4-95BE54B3A0FF}.Release|Any CPU.ActiveCfg = Release|Any CPU
		{359BF641-C073-4453-96D4-95BE54B3A0FF}.Release|Any CPU.Build.0 = Release|Any CPU
		{35C36087-DC8B-4A60-92CB-AAAAFDDC1468}.Debug|Any CPU.ActiveCfg = Debug|Any CPU
		{35C36087-DC8B-4A60-92CB-AAAAFDDC1468}.Debug|Any CPU.Build.0 = Debug|Any CPU
		{35C36087-DC8B-4A60-92CB-AAAAFDDC1468}.Release|Any CPU.ActiveCfg = Release|Any CPU
		{35C36087-DC8B-4A60-92CB-AAAAFDDC1468}.Release|Any CPU.Build.0 = Release|Any CPU
		{5347A29B-88BB-4DEC-B6EC-4BAF6A0BADA3}.Debug|Any CPU.ActiveCfg = Debug|Any CPU
		{5347A29B-88BB-4DEC-B6EC-4BAF6A0BADA3}.Debug|Any CPU.Build.0 = Debug|Any CPU
		{5347A29B-88BB-4DEC-B6EC-4BAF6A0BADA3}.Release|Any CPU.ActiveCfg = Release|Any CPU
		{5347A29B-88BB-4DEC-B6EC-4BAF6A0BADA3}.Release|Any CPU.Build.0 = Release|Any CPU
		{D240FB99-C1D0-4E7D-AEE6-5E63FC483ECC}.Debug|Any CPU.ActiveCfg = Debug|Any CPU
		{D240FB99-C1D0-4E7D-AEE6-5E63FC483ECC}.Debug|Any CPU.Build.0 = Debug|Any CPU
		{D240FB99-C1D0-4E7D-AEE6-5E63FC483ECC}.Release|Any CPU.ActiveCfg = Release|Any CPU
		{D240FB99-C1D0-4E7D-AEE6-5E63FC483ECC}.Release|Any CPU.Build.0 = Release|Any CPU
		{4176C982-06A8-4953-AE99-3757A0F9F46B}.Debug|Any CPU.ActiveCfg = Debug|Any CPU
		{4176C982-06A8-4953-AE99-3757A0F9F46B}.Debug|Any CPU.Build.0 = Debug|Any CPU
		{4176C982-06A8-4953-AE99-3757A0F9F46B}.Release|Any CPU.ActiveCfg = Release|Any CPU
		{4176C982-06A8-4953-AE99-3757A0F9F46B}.Release|Any CPU.Build.0 = Release|Any CPU
		{553EDF96-26B0-49F2-9D97-8858687E12EE}.Debug|Any CPU.ActiveCfg = Debug|Any CPU
		{553EDF96-26B0-49F2-9D97-8858687E12EE}.Debug|Any CPU.Build.0 = Debug|Any CPU
		{553EDF96-26B0-49F2-9D97-8858687E12EE}.Release|Any CPU.ActiveCfg = Release|Any CPU
		{553EDF96-26B0-49F2-9D97-8858687E12EE}.Release|Any CPU.Build.0 = Release|Any CPU
		{0C311812-A185-4F42-8642-6D1BCA7AF19B}.Debug|Any CPU.ActiveCfg = Debug|Any CPU
		{0C311812-A185-4F42-8642-6D1BCA7AF19B}.Debug|Any CPU.Build.0 = Debug|Any CPU
		{0C311812-A185-4F42-8642-6D1BCA7AF19B}.Release|Any CPU.ActiveCfg = Release|Any CPU
		{0C311812-A185-4F42-8642-6D1BCA7AF19B}.Release|Any CPU.Build.0 = Release|Any CPU
		{8FD49B33-9483-40B8-B25E-D4608C0365B7}.Debug|Any CPU.ActiveCfg = Debug|Any CPU
		{8FD49B33-9483-40B8-B25E-D4608C0365B7}.Debug|Any CPU.Build.0 = Debug|Any CPU
		{8FD49B33-9483-40B8-B25E-D4608C0365B7}.Release|Any CPU.ActiveCfg = Release|Any CPU
		{8FD49B33-9483-40B8-B25E-D4608C0365B7}.Release|Any CPU.Build.0 = Release|Any CPU
	EndGlobalSection
	GlobalSection(SolutionProperties) = preSolution
		HideSolutionNode = FALSE
	EndGlobalSection
	GlobalSection(NestedProjects) = preSolution
		{3F22BD35-867B-44A4-B346-F30EF88E6381} = {B422BB74-3994-4174-8D07-D7C988BF47A6}
		{6C63B935-D75C-4362-9AA2-F731C6D05F93} = {B422BB74-3994-4174-8D07-D7C988BF47A6}
		{73A90B87-244E-45F0-8D64-4C753516A281} = {32AE25C1-5625-4AEE-B34A-24CCF6F667E9}
		{ED96C8C1-3363-488C-BB7D-4861FB335F22} = {32AE25C1-5625-4AEE-B34A-24CCF6F667E9}
		{0B5C3052-2D78-4EC5-95F9-884072EC532F} = {32AE25C1-5625-4AEE-B34A-24CCF6F667E9}
		{359BF641-C073-4453-96D4-95BE54B3A0FF} = {32AE25C1-5625-4AEE-B34A-24CCF6F667E9}
		{CDE83447-1BF1-46C0-A465-D74F1E15B76F} = {B6247483-C2B2-4A5E-A285-C2BF8B12F4F5}
		{35C36087-DC8B-4A60-92CB-AAAAFDDC1468} = {B6247483-C2B2-4A5E-A285-C2BF8B12F4F5}
		{4176C982-06A8-4953-AE99-3757A0F9F46B} = {FE565DEE-6FEA-473D-85E1-A573AEF9679C}
		{553EDF96-26B0-49F2-9D97-8858687E12EE} = {FE565DEE-6FEA-473D-85E1-A573AEF9679C}
		{0C311812-A185-4F42-8642-6D1BCA7AF19B} = {FE565DEE-6FEA-473D-85E1-A573AEF9679C}
		{8FD49B33-9483-40B8-B25E-D4608C0365B7} = {FE565DEE-6FEA-473D-85E1-A573AEF9679C}
		{5347A29B-88BB-4DEC-B6EC-4BAF6A0BADA3} = {111D0988-723E-4845-ACE3-8EF2EAD4FC7A}
	EndGlobalSection
	GlobalSection(ExtensibilityGlobals) = postSolution
		EnterpriseLibraryConfigurationToolBinariesPath = packages\Unity.2.1.505.2\lib\NET35
	EndGlobalSection
EndGlobal
